
Microsoft Visual Studio Solution File, Format Version 12.00
# Visual Studio Version 17
VisualStudioVersion = 17.13.35931.197 d17.13
MinimumVisualStudioVersion = 10.0.40219.1
Project("{FAE04EC0-301F-11D3-BF4B-00C04F79EFBC}") = "tpmodul10_103022300064", "tpmodul10_103022300064\tpmodul10_103022300064.csproj", "{37E65C9C-C89A-463F-8D9B-4402EB0B9CFD}"
EndProject
Global
	GlobalSection(SolutionConfigurationPlatforms) = preSolution
		Debug|Any CPU = Debug|Any CPU
		Release|Any CPU = Release|Any CPU
	EndGlobalSection
	GlobalSection(ProjectConfigurationPlatforms) = postSolution
		{37E65C9C-C89A-463F-8D9B-4402EB0B9CFD}.Debug|Any CPU.ActiveCfg = Debug|Any CPU
		{37E65C9C-C89A-463F-8D9B-4402EB0B9CFD}.Debug|Any CPU.Build.0 = Debug|Any CPU
		{37E65C9C-C89A-463F-8D9B-4402EB0B9CFD}.Release|Any CPU.ActiveCfg = Release|Any CPU
		{37E65C9C-C89A-463F-8D9B-4402EB0B9CFD}.Release|Any CPU.Build.0 = Release|Any CPU
	EndGlobalSection
	GlobalSection(SolutionProperties) = preSolution
		HideSolutionNode = FALSE
	EndGlobalSection
	GlobalSection(ExtensibilityGlobals) = postSolution
		SolutionGuid = {57DDD2F4-19BC-41C9-8E78-46475A3CF317}
	EndGlobalSection
EndGlobal
